# THIS IS AN AUTOGENERATED FILE. DO NOT EDIT THIS FILE DIRECTLY.
# yarn lockfile v1
ansi-regex@^2.0.0:
  version "2.0.0"
  resolved "http://registry.npm.taobao.org/ansi-regex/download/ansi-regex-2.0.0.tgz#c5061b6e0ef8a81775e50f5d66151bf6bf371107"

asap@~2.0.3:
  version "2.0.5"
  resolved "http://registry.npm.taobao.org/asap/download/asap-2.0.5.tgz#522765b50c3510490e52d7dcfe085ef9ba96958f"

ascli@~1:
  version "1.0.1"
  resolved "http://registry.npm.taobao.org/ascli/download/ascli-1.0.1.tgz#bcfa5974a62f18e81cabaeb49732ab4a88f906bc"
  dependencies:
    colour "~0.7.1"
    optjs "~3.2.2"

async@^1.5.2:
  version "1.5.2"
  resolved "http://registry.npm.taobao.org/async/download/async-1.5.2.tgz#ec6a61ae56480c0c3cb241c95618e20892f9672a"

axios@^0.15.0:
  version "0.15.2"
  resolved "http://registry.npm.taobao.org/axios/download/axios-0.15.2.tgz#496f50980b2ce1ad2e195af93c2d03b4d035e90d"
  dependencies:
    follow-redirects "0.0.7"

babel-plugin-syntax-jsx@^6.18.0:
  version "6.18.0"
  resolved "http://registry.npm.taobao.org/babel-plugin-syntax-jsx/download/babel-plugin-syntax-jsx-6.18.0.tgz#0af32a9a6e13ca7a3fd5069e62d7b0f58d0d8946"

babel-plugin-transform-vue-jsx@^3.1.2:
  version "3.1.2"
  resolved "http://registry.npm.taobao.org/babel-plugin-transform-vue-jsx/download/babel-plugin-transform-vue-jsx-3.1.2.tgz#6255d561ff93d9ea8cfeb781da17280a5ca77bb5"
  dependencies:
    esutils "^2.0.2"

babel-runtime@^6.6.1:
  version "6.18.0"
  resolved "http://registry.npm.taobao.org/babel-runtime/download/babel-runtime-6.18.0.tgz#0f4177ffd98492ef13b9f823e9994a02584c9078"
  dependencies:
    core-js "^2.4.0"
    regenerator-runtime "^0.9.5"

balanced-match@^0.4.1:
  version "0.4.2"
  resolved "http://registry.npm.taobao.org/balanced-match/download/balanced-match-0.4.2.tgz#cb3f3e3c732dc0f01ee70b403f302e61d7709838"

big.js@^3.1.3:
  version "3.1.3"
  resolved "http://registry.npm.taobao.org/big.js/download/big.js-3.1.3.tgz#4cada2193652eb3ca9ec8e55c9015669c9806978"

bluebird@^2.10.2:
  version "2.11.0"
  resolved "http://registry.npm.taobao.org/bluebird/download/bluebird-2.11.0.tgz#534b9033c022c9579c56ba3b3e5a5caafbb650e1"

brace-expansion@^1.0.0:
  version "1.1.6"
  resolved "http://registry.npm.taobao.org/brace-expansion/download/brace-expansion-1.1.6.tgz#7197d7eaa9b87e648390ea61fc66c84427420df9"
  dependencies:
    balanced-match "^0.4.1"
    concat-map "0.0.1"

buffer-concat@0.0.1:
  version "0.0.1"
  resolved "http://registry.npm.taobao.org/buffer-concat/download/buffer-concat-0.0.1.tgz#43e1e3c77f3d22fb55bea6890a92d03778c4c10a"

buffer-shims@^1.0.0:
  version "1.0.0"
  resolved "http://registry.npm.taobao.org/buffer-shims/download/buffer-shims-1.0.0.tgz#9978ce317388c649ad8793028c3477ef044a8b51"

bytebuffer@~5:
  version "5.0.1"
  resolved "http://registry.npm.taobao.org/bytebuffer/download/bytebuffer-5.0.1.tgz#582eea4b1a873b6d020a48d58df85f0bba6cfddd"
  dependencies:
    long "~3"

camelcase@^2.0.1:
  version "2.1.1"
  resolved "http://registry.npm.taobao.org/camelcase/download/camelcase-2.1.1.tgz#7c1d16d679a1bbe59ca02cacecfb011e201f5a1f"

caseless@~0.11.0:
  version "0.11.0"
  resolved "http://registry.npm.taobao.org/caseless/download/caseless-0.11.0.tgz#715b96ea9841593cc33067923f5ec60ebda4f7d7"

charenc@~0.0.1:
  version "0.0.1"
  resolved "http://registry.npm.taobao.org/charenc/download/charenc-0.0.1.tgz#004cff9feaf102382ed12db58dd6f962796d6e88"

cliui@^3.0.3:
  version "3.2.0"
  resolved "http://registry.npm.taobao.org/cliui/download/cliui-3.2.0.tgz#120601537a916d29940f934da3b48d585a39213d"
  dependencies:
    string-width "^1.0.1"
    strip-ansi "^3.0.1"
    wrap-ansi "^2.0.0"

code-point-at@^1.0.0:
  version "1.1.0"
  resolved "http://registry.npm.taobao.org/code-point-at/download/code-point-at-1.1.0.tgz#0d070b4d043a5bea33a2f1a40e2edb3d9a4ccf77"

colour@~0.7.1:
  version "0.7.1"
  resolved "http://registry.npm.taobao.org/colour/download/colour-0.7.1.tgz#9cb169917ec5d12c0736d3e8685746df1cadf778"

combined-stream@^1.0.5:
  version "1.0.5"
  resolved "http://registry.npm.taobao.org/combined-stream/download/combined-stream-1.0.5.tgz#938370a57b4a51dea2c77c15d5c5fdf895164009"
  dependencies:
    delayed-stream "~1.0.0"

component-emitter@^1.2.0:
  version "1.2.1"
  resolved "http://registry.npm.taobao.org/component-emitter/download/component-emitter-1.2.1.tgz#137918d6d78283f7df7a6b7c5a63e140e69425e6"

concat-map@0.0.1:
  version "0.0.1"
  resolved "http://registry.npm.taobao.org/concat-map/download/concat-map-0.0.1.tgz#d8a96bd77fd68df7793a73036a3ba0d5405d477b"

concat-stream@^1.4.6, concat-stream@^1.4.7:
  version "1.5.2"
  resolved "http://registry.npm.taobao.org/concat-stream/download/concat-stream-1.5.2.tgz#708978624d856af41a5a741defdd261da752c266"
  dependencies:
    inherits "~2.0.1"
    readable-stream "~2.0.0"
    typedarray "~0.0.5"

cookiejar@^2.0.6:
  version "2.1.0"
  resolved "http://registry.npm.taobao.org/cookiejar/download/cookiejar-2.1.0.tgz#86549689539b6d0e269b6637a304be508194d898"

copy-webpack-plugin@^4.0.0:
  version "4.0.0"
  resolved "http://registry.npm.taobao.org/copy-webpack-plugin/download/copy-webpack-plugin-4.0.0.tgz#385e7f8deeb993f6d48b9f9854d50391912633ae"
  dependencies:
    bluebird "^2.10.2"
    fs-extra "^0.26.4"
    glob "^6.0.4"
    loader-utils "^0.2.15"
    lodash "^4.3.0"
    minimatch "^3.0.0"
    node-dir "^0.1.10"

core-js@^2.4.0:
  version "2.4.1"
  resolved "http://registry.npm.taobao.org/core-js/download/core-js-2.4.1.tgz#4de911e667b0eae9124e34254b53aea6fc618d3e"

core-util-is@~1.0.0:
  version "1.0.2"
  resolved "http://registry.npm.taobao.org/core-util-is/download/core-util-is-1.0.2.tgz#b5fd54220aa2bc5ab57aab7140c940754503c1a7"

crc32@0.2.2:
  version "0.2.2"
  resolved "http://registry.npm.taobao.org/crc32/download/crc32-0.2.2.tgz#7ad220d6ffdcd119f9fc127a7772cacea390a4ba"

crypt@~0.0.1:
  version "0.0.1"
  resolved "http://registry.npm.taobao.org/crypt/download/crypt-0.0.1.tgz#5f11b21a6c05ef1b5e79708366da6374ece1e6a2"

debug@^2.2.0:
  version "2.3.2"
  resolved "http://registry.npm.taobao.org/debug/download/debug-2.3.2.tgz#94cb466ef7d6d2c7e5245cdd6e4104f2d0d70d30"
  dependencies:
    ms "0.7.2"

debug@0.7.2:
  version "0.7.2"
  resolved "http://registry.npm.taobao.org/debug/download/debug-0.7.2.tgz#056692c86670977f115de82917918b8e8b9a10f0"

decamelize@^1.1.1:
  version "1.2.0"
  resolved "http://registry.npm.taobao.org/decamelize/download/decamelize-1.2.0.tgz#f6534d15148269b20352e7bee26f501f9a191290"

delayed-stream@~1.0.0:
  version "1.0.0"
  resolved "http://registry.npm.taobao.org/delayed-stream/download/delayed-stream-1.0.0.tgz#df3ae199acadfb7d440aaae0b29e2272b24ec619"

emojis-list@^2.0.0:
  version "2.1.0"
  resolved "http://registry.npm.taobao.org/emojis-list/download/emojis-list-2.1.0.tgz#4daa4d9db00f9819880c79fa457ae5b09a1fd389"

esutils@^2.0.2:
  version "2.0.2"
  resolved "http://registry.npm.taobao.org/esutils/download/esutils-2.0.2.tgz#0abf4f1caa5bcb1f7a9d8acc6dea4faaa04bac9b"

eventemitter3@^2.0.0:
  version "2.0.2"
  resolved "http://registry.npm.taobao.org/eventemitter3/download/eventemitter3-2.0.2.tgz#20ce4891909ce9f35b088c94fab40e2c96f473ac"

extend@^3.0.0:
  version "3.0.0"
  resolved "http://registry.npm.taobao.org/extend/download/extend-3.0.0.tgz#5a474353b9f3353ddd8176dfd37b91c83a46f1d4"

follow-redirects@0.0.7:
  version "0.0.7"
  resolved "http://registry.npm.taobao.org/follow-redirects/download/follow-redirects-0.0.7.tgz#34b90bab2a911aa347571da90f22bd36ecd8a919"
  dependencies:
    debug "^2.2.0"
    stream-consume "^0.1.0"

form-data@1.0.0-rc4:
  version "1.0.0-rc4"
  resolved "http://registry.npm.taobao.org/form-data/download/form-data-1.0.0-rc4.tgz#05ac6bc22227b43e4461f488161554699d4f8b5e"
  dependencies:
    async "^1.5.2"
    combined-stream "^1.0.5"
    mime-types "^2.1.10"

formidable@^1.0.17:
  version "1.0.17"
  resolved "http://registry.npm.taobao.org/formidable/download/formidable-1.0.17.tgz#ef5491490f9433b705faa77249c99029ae348559"

formstream@0.0.7:
  version "0.0.7"
  resolved "http://registry.npm.taobao.org/formstream/download/formstream-0.0.7.tgz#981d0036743596c54820ee3dfb44baca18349788"
  dependencies:
    buffer-concat "0.0.1"
    mime "1.2.9"
    pause-stream ">=0.0.10"

fs-extra@^0.26.4:
  version "0.26.7"
  resolved "http://registry.npm.taobao.org/fs-extra/download/fs-extra-0.26.7.tgz#9ae1fdd94897798edab76d0918cf42d0c3184fa9"
  dependencies:
    graceful-fs "^4.1.2"
    jsonfile "^2.1.0"
    klaw "^1.0.0"
    path-is-absolute "^1.0.0"
    rimraf "^2.2.8"

fs.realpath@^1.0.0:
  version "1.0.0"
  resolved "http://registry.npm.taobao.org/fs.realpath/download/fs.realpath-1.0.0.tgz#1504ad2523158caa40db4a2787cb01411994ea4f"

glob@^5.0.10:
  version "5.0.15"
  resolved "http://registry.npm.taobao.org/glob/download/glob-5.0.15.tgz#1bc936b9e02f4a603fcc222ecf7633d30b8b93b1"
  dependencies:
    inflight "^1.0.4"
    inherits "2"
    minimatch "2 || 3"
    once "^1.3.0"
    path-is-absolute "^1.0.0"

glob@^6.0.4:
  version "6.0.4"
  resolved "http://registry.npm.taobao.org/glob/download/glob-6.0.4.tgz#0f08860f6a155127b2fadd4f9ce24b1aab6e4d22"
  dependencies:
    inflight "^1.0.4"
    inherits "2"
    minimatch "2 || 3"
    once "^1.3.0"
    path-is-absolute "^1.0.0"

glob@^7.0.5:
  version "7.1.1"
  resolved "http://registry.npm.taobao.org/glob/download/glob-7.1.1.tgz#805211df04faaf1c63a3600306cdf5ade50b2ec8"
  dependencies:
    fs.realpath "^1.0.0"
    inflight "^1.0.4"
    inherits "2"
    minimatch "^3.0.2"
    once "^1.3.0"
    path-is-absolute "^1.0.0"

graceful-fs@^4.1.2, graceful-fs@^4.1.6, graceful-fs@^4.1.9:
  version "4.1.10"
  resolved "http://registry.npm.taobao.org/graceful-fs/download/graceful-fs-4.1.10.tgz#f2d720c22092f743228775c75e3612632501f131"

http-basic@^2.5.1:
  version "2.5.1"
  resolved "http://registry.npm.taobao.org/http-basic/download/http-basic-2.5.1.tgz#8ce447bdb5b6c577f8a63e3fa78056ec4bb4dbfb"
  dependencies:
    caseless "~0.11.0"
    concat-stream "^1.4.6"
    http-response-object "^1.0.0"

http-response-object@^1.0.0, http-response-object@^1.0.1, http-response-object@^1.1.0:
  version "1.1.0"
  resolved "http://registry.npm.taobao.org/http-response-object/download/http-response-object-1.1.0.tgz#a7c4e75aae82f3bb4904e4f43f615673b4d518c3"

inflight@^1.0.4:
  version "1.0.6"
  resolved "http://registry.npm.taobao.org/inflight/download/inflight-1.0.6.tgz#49bd6331d7d02d0c09bc910a1075ba8165b56df9"
  dependencies:
    once "^1.3.0"
    wrappy "1"

inherits@~2.0.1, inherits@2:
  version "2.0.3"
  resolved "http://registry.npm.taobao.org/inherits/download/inherits-2.0.3.tgz#633c2c83e3da42a502f52466022480f4208261de"

invert-kv@^1.0.0:
  version "1.0.0"
  resolved "http://registry.npm.taobao.org/invert-kv/download/invert-kv-1.0.0.tgz#104a8e4aaca6d3d8cd157a8ef8bfab2d7a3ffdb6"

is-buffer@~1.1.1:
  version "1.1.4"
  resolved "http://registry.npm.taobao.org/is-buffer/download/is-buffer-1.1.4.tgz#cfc86ccd5dc5a52fa80489111c6920c457e2d98b"

is-fullwidth-code-point@^1.0.0:
  version "1.0.0"
  resolved "http://registry.npm.taobao.org/is-fullwidth-code-point/download/is-fullwidth-code-point-1.0.0.tgz#ef9e31386f031a7f0d643af82fde50c457ef00cb"
  dependencies:
    number-is-nan "^1.0.0"

isarray@~1.0.0:
  version "1.0.0"
  resolved "http://registry.npm.taobao.org/isarray/download/isarray-1.0.0.tgz#bb935d48582cba168c06834957a54a3e07124f11"

javascript-state-machine@^2.3.5:
  version "2.3.5"
  resolved "http://registry.npm.taobao.org/javascript-state-machine/download/javascript-state-machine-2.3.5.tgz#2e939462000ab632ff7a0a3121baed48cd444ae9"

jquery@^3.1.1:
  version "3.1.1"
  resolved "http://registry.npm.taobao.org/jquery/download/jquery-3.1.1.tgz#347c1c21c7e004115e0a4da32cece041fad3c8a3"

js-cookie@^2.1.3:
  version "2.1.3"
  resolved "http://registry.npm.taobao.org/js-cookie/download/js-cookie-2.1.3.tgz#48071625217ac9ecfab8c343a13d42ec09ff0526"

json5@^0.5.0:
  version "0.5.0"
  resolved "http://registry.npm.taobao.org/json5/download/json5-0.5.0.tgz#9b20715b026cbe3778fd769edccd822d8332a5b2"

jsonfile@^2.1.0:
  version "2.4.0"
  resolved "http://registry.npm.taobao.org/jsonfile/download/jsonfile-2.4.0.tgz#3736a2b428b87bbda0cc83b53fa3d633a35c2ae8"
  optionalDependencies:
    graceful-fs "^4.1.6"

klaw@^1.0.0:
  version "1.3.1"
  resolved "http://registry.npm.taobao.org/klaw/download/klaw-1.3.1.tgz#4088433b46b3b1ba259d78785d8e96f73ba02439"
  optionalDependencies:
    graceful-fs "^4.1.9"

lcid@^1.0.0:
  version "1.0.0"
  resolved "http://registry.npm.taobao.org/lcid/download/lcid-1.0.0.tgz#308accafa0bc483a3867b4b6f2b9506251d1b835"
  dependencies:
    invert-kv "^1.0.0"

leancloud-realtime@^3.3.0:
  version "3.3.0"
  resolved "http://registry.npm.taobao.org/leancloud-realtime/download/leancloud-realtime-3.3.0.tgz#79b597b31db0c6903a6ce4d816bd6dfb3ac86fae"
  dependencies:
    axios "^0.15.0"
    babel-runtime "^6.6.1"
    debug "^2.2.0"
    eventemitter3 "^2.0.0"
    javascript-state-machine "^2.3.5"
    lodash "^4.6.0"
    protobufjs "^5.0.1"
    uuid "^2.0.1"
    ws "^1.1.1"

leancloud-storage@^1.5.1:
  version "1.5.2"
  resolved "http://registry.npm.taobao.org/leancloud-storage/download/leancloud-storage-1.5.2.tgz#4fb5ddde923a13e4771019ccbccad8e094fc5c6a"
  dependencies:
    debug "^2.2.0"
    localstorage-memory "^1.0.1"
    md5 "^2.0.0"
    qiniu "^6.1.11"
    superagent "^2.0.0"
    underscore "^1.8.3"

loader-utils@^0.2.15:
  version "0.2.16"
  resolved "http://registry.npm.taobao.org/loader-utils/download/loader-utils-0.2.16.tgz#f08632066ed8282835dff88dfb52704765adee6d"
  dependencies:
    big.js "^3.1.3"
    emojis-list "^2.0.0"
    json5 "^0.5.0"
    object-assign "^4.0.1"

localstorage-memory@^1.0.1:
  version "1.0.2"
  resolved "http://registry.npm.taobao.org/localstorage-memory/download/localstorage-memory-1.0.2.tgz#cd4a8f210e55dd519c929f4b4cc82829b58f9a51"

lodash@^4.3.0, lodash@^4.6.0:
  version "4.16.6"
  resolved "http://registry.npm.taobao.org/lodash/download/lodash-4.16.6.tgz#d22c9ac660288f3843e16ba7d2b5d06cca27d777"

long@~3:
  version "3.2.0"
  resolved "http://registry.npm.taobao.org/long/download/long-3.2.0.tgz#d821b7138ca1cb581c172990ef14db200b5c474b"

md5@^2.0.0:
  version "2.2.1"
  resolved "http://registry.npm.taobao.org/md5/download/md5-2.2.1.tgz#53ab38d5fe3c8891ba465329ea23fac0540126f9"
  dependencies:
    charenc "~0.0.1"
    crypt "~0.0.1"
    is-buffer "~1.1.1"

methods@^1.1.1:
  version "1.1.2"
  resolved "http://registry.npm.taobao.org/methods/download/methods-1.1.2.tgz#5529a4d67654134edcc5266656835b0f851afcee"

mime-db@~1.24.0:
  version "1.24.0"
  resolved "http://registry.npm.taobao.org/mime-db/download/mime-db-1.24.0.tgz#e2d13f939f0016c6e4e9ad25a8652f126c467f0c"

mime-types@^2.1.10:
  version "2.1.12"
  resolved "http://registry.npm.taobao.org/mime-types/download/mime-types-2.1.12.tgz#152ba256777020dd4663f54c2e7bc26381e71729"
  dependencies:
    mime-db "~1.24.0"

mime@^1.3.4:
  version "1.3.4"
  resolved "http://registry.npm.taobao.org/mime/download/mime-1.3.4.tgz#115f9e3b6b3daf2959983cb38f149a2d40eb5d53"

mime@1.2.9:
  version "1.2.9"
  resolved "http://registry.npm.taobao.org/mime/download/mime-1.2.9.tgz#009cd40867bd35de521b3b966f04e2f8d4d13d09"

minimatch@^3.0.0, minimatch@^3.0.2, "minimatch@2 || 3":
  version "3.0.3"
  resolved "http://registry.npm.taobao.org/minimatch/download/minimatch-3.0.3.tgz#2a4e4090b96b2db06a9d7df01055a62a77c9b774"
  dependencies:
    brace-expansion "^1.0.0"

ms@0.7.2:
  version "0.7.2"
  resolved "http://registry.npm.taobao.org/ms/download/ms-0.7.2.tgz#ae25cf2512b3885a1d95d7f037868d8431124765"

node-dir@^0.1.10:
  version "0.1.16"
  resolved "http://registry.npm.taobao.org/node-dir/download/node-dir-0.1.16.tgz#d2ef583aa50b90d93db8cdd26fcea58353957fe4"
  dependencies:
    minimatch "^3.0.2"

nprogress@^0.2.0:
  version "0.2.0"
  resolved "http://registry.npm.taobao.org/nprogress/download/nprogress-0.2.0.tgz#cb8f34c53213d895723fcbab907e9422adbcafb1"

number-is-nan@^1.0.0:
  version "1.0.1"
  resolved "http://registry.npm.taobao.org/number-is-nan/download/number-is-nan-1.0.1.tgz#097b602b53422a522c1afb8790318336941a011d"

object-assign@^4.0.1:
  version "4.1.0"
  resolved "http://registry.npm.taobao.org/object-assign/download/object-assign-4.1.0.tgz#7a3b3d0e98063d43f4c03f2e8ae6cd51a86883a0"

once@^1.3.0:
  version "1.4.0"
  resolved "http://registry.npm.taobao.org/once/download/once-1.4.0.tgz#583b1aa775961d4b113ac17d9c50baef9dd76bd1"
  dependencies:
    wrappy "1"

options@>=0.0.5:
  version "0.0.6"
  resolved "http://registry.npm.taobao.org/options/download/options-0.0.6.tgz#ec22d312806bb53e731773e7cdaefcf1c643128f"

optjs@~3.2.2:
  version "3.2.2"
  resolved "http://registry.npm.taobao.org/optjs/download/optjs-3.2.2.tgz#69a6ce89c442a44403141ad2f9b370bd5bb6f4ee"

os-locale@^1.4.0:
  version "1.4.0"
  resolved "http://registry.npm.taobao.org/os-locale/download/os-locale-1.4.0.tgz#20f9f17ae29ed345e8bde583b13d2009803c14d9"
  dependencies:
    lcid "^1.0.0"

path-is-absolute@^1.0.0:
  version "1.0.1"
  resolved "http://registry.npm.taobao.org/path-is-absolute/download/path-is-absolute-1.0.1.tgz#174b9268735534ffbc7ace6bf53a5a9e1b5c5f5f"

pause-stream@>=0.0.10:
  version "0.0.11"
  resolved "http://registry.npm.taobao.org/pause-stream/download/pause-stream-0.0.11.tgz#fe5a34b0cbce12b5aa6a2b403ee2e73b602f1445"
  dependencies:
    through "~2.3"

process-nextick-args@~1.0.6:
  version "1.0.7"
  resolved "http://registry.npm.taobao.org/process-nextick-args/download/process-nextick-args-1.0.7.tgz#150e20b756590ad3f91093f25a4f2ad8bff30ba3"

promise@^7.1.1:
  version "7.1.1"
  resolved "http://registry.npm.taobao.org/promise/download/promise-7.1.1.tgz#489654c692616b8aa55b0724fa809bb7db49c5bf"
  dependencies:
    asap "~2.0.3"

protobufjs@^5.0.1:
  version "5.0.1"
  resolved "http://registry.npm.taobao.org/protobufjs/download/protobufjs-5.0.1.tgz#589ecdda1a555fd69df4699adc142d36f133aa0b"
  dependencies:
    ascli "~1"
    bytebuffer "~5"
    glob "^5.0.10"
    yargs "^3.10.0"

qiniu@^6.1.11:
  version "6.1.13"
  resolved "http://registry.npm.taobao.org/qiniu/download/qiniu-6.1.13.tgz#57f5d60974c64d8871d80f27df7d43211ae34f03"
  dependencies:
    crc32 "0.2.2"
    formstream "0.0.7"
    mime "1.2.9"
    sync-request "3.0.1"
    urllib "0.5.1"

qs@^6.1.0:
  version "6.3.0"
  resolved "http://registry.npm.taobao.org/qs/download/qs-6.3.0.tgz#f403b264f23bc01228c74131b407f18d5ea5d442"

readable-stream@^2.0.5:
  version "2.2.1"
  resolved "http://registry.npm.taobao.org/readable-stream/download/readable-stream-2.2.1.tgz#c459a6687ad6195f936b959870776edef27a7655"
  dependencies:
    buffer-shims "^1.0.0"
    core-util-is "~1.0.0"
    inherits "~2.0.1"
    isarray "~1.0.0"
    process-nextick-args "~1.0.6"
    string_decoder "~0.10.x"
    util-deprecate "~1.0.1"

readable-stream@~2.0.0:
  version "2.0.6"
  resolved "http://registry.npm.taobao.org/readable-stream/download/readable-stream-2.0.6.tgz#8f90341e68a53ccc928788dacfcd11b36eb9b78e"
  dependencies:
    core-util-is "~1.0.0"
    inherits "~2.0.1"
    isarray "~1.0.0"
    process-nextick-args "~1.0.6"
    string_decoder "~0.10.x"
    util-deprecate "~1.0.1"

regenerator-runtime@^0.9.5:
  version "0.9.6"
  resolved "http://registry.npm.taobao.org/regenerator-runtime/download/regenerator-runtime-0.9.6.tgz#d33eb95d0d2001a4be39659707c51b0cb71ce029"

rimraf@^2.2.8:
  version "2.5.4"
  resolved "http://registry.npm.taobao.org/rimraf/download/rimraf-2.5.4.tgz#96800093cbf1a0c86bd95b4625467535c29dfa04"
  dependencies:
    glob "^7.0.5"

store2@^2.3.2:
  version "2.3.2"
  resolved "http://registry.npm.taobao.org/store2/download/store2-2.3.2.tgz#463cb29c1b2e62f0db6e990f410aa4e4a3e61b6c"

stream-consume@^0.1.0:
  version "0.1.0"
  resolved "http://registry.npm.taobao.org/stream-consume/download/stream-consume-0.1.0.tgz#a41ead1a6d6081ceb79f65b061901b6d8f3d1d0f"

string_decoder@~0.10.x:
  version "0.10.31"
  resolved "http://registry.npm.taobao.org/string_decoder/download/string_decoder-0.10.31.tgz#62e203bc41766c6c28c9fc84301dab1c5310fa94"

string-width@^1.0.1:
  version "1.0.2"
  resolved "http://registry.npm.taobao.org/string-width/download/string-width-1.0.2.tgz#118bdf5b8cdc51a2a7e70d211e07e2b0b9b107d3"
  dependencies:
    code-point-at "^1.0.0"
    is-fullwidth-code-point "^1.0.0"
    strip-ansi "^3.0.0"

strip-ansi@^3.0.0, strip-ansi@^3.0.1:
  version "3.0.1"
  resolved "http://registry.npm.taobao.org/strip-ansi/download/strip-ansi-3.0.1.tgz#6a385fb8853d952d5ff05d0e8aaf94278dc63dcf"
  dependencies:
    ansi-regex "^2.0.0"

superagent@^2.0.0:
  version "2.3.0"
  resolved "http://registry.npm.taobao.org/superagent/download/superagent-2.3.0.tgz#703529a0714e57e123959ddefbce193b2e50d115"
  dependencies:
    component-emitter "^1.2.0"
    cookiejar "^2.0.6"
    debug "^2.2.0"
    extend "^3.0.0"
    form-data "1.0.0-rc4"
    formidable "^1.0.17"
    methods "^1.1.1"
    mime "^1.3.4"
    qs "^6.1.0"
    readable-stream "^2.0.5"

sync-request@3.0.1:
  version "3.0.1"
  resolved "http://registry.npm.taobao.org/sync-request/download/sync-request-3.0.1.tgz#caa1235aaf889ba501076a1834c436830a82fb73"
  dependencies:
    concat-stream "^1.4.7"
    http-response-object "^1.0.1"
    then-request "^2.0.1"

then-request@^2.0.1:
  version "2.2.0"
  resolved "http://registry.npm.taobao.org/then-request/download/then-request-2.2.0.tgz#6678b32fa0ca218fe569981bbd8871b594060d81"
  dependencies:
    caseless "~0.11.0"
    concat-stream "^1.4.7"
    http-basic "^2.5.1"
    http-response-object "^1.1.0"
    promise "^7.1.1"
    qs "^6.1.0"

through@~2.3:
  version "2.3.8"
  resolved "http://registry.npm.taobao.org/through/download/through-2.3.8.tgz#0dd4c9ffaabc357960b1b724115d7e0e86a2e1f5"

toastr@^2.1.2:
  version "2.1.2"
  resolved "http://registry.npm.taobao.org/toastr/download/toastr-2.1.2.tgz#fd69066ae7578a5b3357725fc9c7c335e9b681df"

typedarray@~0.0.5:
  version "0.0.6"
  resolved "http://registry.npm.taobao.org/typedarray/download/typedarray-0.0.6.tgz#867ac74e3864187b1d3d47d996a78ec5c8830777"

ultron@1.0.x:
  version "1.0.2"
  resolved "http://registry.npm.taobao.org/ultron/download/ultron-1.0.2.tgz#ace116ab557cd197386a4e88f4685378c8b2e4fa"

underscore@^1.8.3:
  version "1.8.3"
  resolved "http://registry.npm.taobao.org/underscore/download/underscore-1.8.3.tgz#4f3fb53b106e6097fcf9cb4109f2a5e9bdfa5022"

urllib@0.5.1:
  version "0.5.1"
  resolved "http://registry.npm.taobao.org/urllib/download/urllib-0.5.1.tgz#9e256b2b703dfe0a59637cb0dbb4308ed571971b"
  dependencies:
    buffer-concat "0.0.1"
    debug "0.7.2"

util-deprecate@~1.0.1:
  version "1.0.2"
  resolved "http://registry.npm.taobao.org/util-deprecate/download/util-deprecate-1.0.2.tgz#450d4dc9fa70de732762fbd2d4a28981419a0ccf"

uuid@^2.0.1:
  version "2.0.3"
  resolved "http://registry.npm.taobao.org/uuid/download/uuid-2.0.3.tgz#67e2e863797215530dff318e5bf9dcebfd47b21a"

vue-router@^2.0.1:
  version "2.0.1"
  resolved "http://registry.npm.taobao.org/vue-router/download/vue-router-2.0.1.tgz#88b83cdc9497bad5b20b579e847a7e7240e221dd"

vue@^2.0.5:
  version "2.0.5"
  resolved "http://registry.npm.taobao.org/vue/download/vue-2.0.5.tgz#b99dc7180a802d1148a508db3d84b52c09b5ca8e"

vuex-router-sync@^3.0.0:
  version "3.0.0"
  resolved "http://registry.npm.taobao.org/vuex-router-sync/download/vuex-router-sync-3.0.0.tgz#3b632baa86cc55192ab408b8d52e6490380df3d7"

vuex@^2.0.0:
  version "2.0.0"
  resolved "http://registry.npm.taobao.org/vuex/download/vuex-2.0.0.tgz#26befa44de220f009e432d1027487bff29571cee"

window-size@^0.1.4:
  version "0.1.4"
  resolved "http://registry.npm.taobao.org/window-size/download/window-size-0.1.4.tgz#f8e1aa1ee5a53ec5bf151ffa09742a6ad7697876"

wrap-ansi@^2.0.0:
  version "2.0.0"
  resolved "http://registry.npm.taobao.org/wrap-ansi/download/wrap-ansi-2.0.0.tgz#7d30f8f873f9a5bbc3a64dabc8d177e071ae426f"
  dependencies:
    string-width "^1.0.1"

wrappy@1:
  version "1.0.2"
  resolved "http://registry.npm.taobao.org/wrappy/download/wrappy-1.0.2.tgz#b5243d8f3ec1aa35f1364605bc0d1036e30ab69f"

ws@^1.1.1:
  version "1.1.1"
  resolved "http://registry.npm.taobao.org/ws/download/ws-1.1.1.tgz#082ddb6c641e85d4bb451f03d52f06eabdb1f018"
  dependencies:
    options ">=0.0.5"
    ultron "1.0.x"

y18n@^3.2.0:
  version "3.2.1"
  resolved "http://registry.npm.taobao.org/y18n/download/y18n-3.2.1.tgz#6d15fba884c08679c0d77e88e7759e811e07fa41"

yargs@^3.10.0:
  version "3.32.0"
  resolved "http://registry.npm.taobao.org/yargs/download/yargs-3.32.0.tgz#03088e9ebf9e756b69751611d2a5ef591482c995"
  dependencies:
    camelcase "^2.0.1"
    cliui "^3.0.3"
    decamelize "^1.1.1"
    os-locale "^1.4.0"
    string-width "^1.0.1"
    window-size "^0.1.4"
    y18n "^3.2.0"

